
Microsoft Visual Studio Solution File, Format Version 12.00
# Visual Studio Version 17
VisualStudioVersion = 17.5.002.0
MinimumVisualStudioVersion = 10.0.40219.1
Project("{9A19103F-16F7-4668-BE54-9A1E7A4F7556}") = "DesafioFundamentos", "DesafioFundamentos\DesafioFundamentos.csproj", "{914F491C-8C60-412A-A86D-0506F5276F59}"
EndProject
Global
	GlobalSection(SolutionConfigurationPlatforms) = preSolution
		Debug|Any CPU = Debug|Any CPU
		Release|Any CPU = Release|Any CPU
	EndGlobalSection
	GlobalSection(ProjectConfigurationPlatforms) = postSolution
		{914F491C-8C60-412A-A86D-0506F5276F59}.Debug|Any CPU.ActiveCfg = Debug|Any CPU
		{914F491C-8C60-412A-A86D-0506F5276F59}.Debug|Any CPU.Build.0 = Debug|Any CPU
		{914F491C-8C60-412A-A86D-0506F5276F59}.Release|Any CPU.ActiveCfg = Release|Any CPU
		{914F491C-8C60-412A-A86D-0506F5276F59}.Release|Any CPU.Build.0 = Release|Any CPU
	EndGlobalSection
	GlobalSection(SolutionProperties) = preSolution
		HideSolutionNode = FALSE
	EndGlobalSection
	GlobalSection(ExtensibilityGlobals) = postSolution
		SolutionGuid = {1648ED0A-71E1-44B9-B473-7FDE6E8A3764}
	EndGlobalSection
EndGlobal
